{
  "version": "5",
  "specifiers": {
    "jsr:@oak/commons@1": "1.0.1",
    "jsr:@oak/oak@*": "17.1.5",
    "jsr:@oak/oak@^17.1.5": "17.1.5",
    "jsr:@std/assert@1": "1.0.13",
    "jsr:@std/bytes@1": "1.0.6",
    "jsr:@std/crypto@1": "1.0.5",
    "jsr:@std/encoding@1": "1.0.10",
    "jsr:@std/encoding@^1.0.10": "1.0.10",
    "jsr:@std/http@1": "1.0.19",
    "jsr:@std/internal@^1.0.9": "1.0.9",
    "jsr:@std/media-types@1": "1.1.0",
    "jsr:@std/path@1": "1.1.1",
    "npm:@types/node@*": "22.15.15",
    "npm:@types/react@^19.1.8": "19.1.8",
    "npm:autoprefixer@^10.4.21": "10.4.21_postcss@8.5.6",
    "npm:lucide-react@0.525": "0.525.0_react@19.1.0",
    "npm:path-to-regexp@^6.3.0": "6.3.0",
    "npm:postcss@^8.5.6": "8.5.6",
    "npm:react-dom@^19.1.0": "19.1.0_react@19.1.0",
    "npm:react@^19.1.0": "19.1.0",
    "npm:tailwindcss@^4.1.11": "4.1.11"
  },
  "jsr": {
    "@oak/commons@1.0.1": {
      "integrity": "889ff210f0b4292591721be07244ecb1b5c118742f5273c70cf30d7cd4184d0c",
      "dependencies": [
        "jsr:@std/assert",
        "jsr:@std/bytes",
        "jsr:@std/crypto",
        "jsr:@std/encoding@1",
        "jsr:@std/http",
        "jsr:@std/media-types"
      ]
    },
    "@oak/oak@17.1.5": {
      "integrity": "676263340dcfd069fb422b4274b4f75f7048a68e605dece6a2897ccfe669e7cc",
      "dependencies": [
        "jsr:@oak/commons",
        "jsr:@std/assert",
        "jsr:@std/bytes",
        "jsr:@std/http",
        "jsr:@std/media-types",
        "jsr:@std/path",
        "npm:path-to-regexp"
      ]
    },
    "@std/assert@1.0.13": {
      "integrity": "ae0d31e41919b12c656c742b22522c32fb26ed0cba32975cb0de2a273cb68b29"
    },
    "@std/bytes@1.0.6": {
      "integrity": "f6ac6adbd8ccd99314045f5703e23af0a68d7f7e58364b47d2c7f408aeb5820a"
    },
    "@std/crypto@1.0.5": {
      "integrity": "0dcfbb319fe0bba1bd3af904ceb4f948cde1b92979ec1614528380ed308a3b40"
    },
    "@std/encoding@1.0.10": {
      "integrity": "8783c6384a2d13abd5e9e87a7ae0520a30e9f56aeeaa3bdf910a3eaaf5c811a1"
    },
    "@std/http@1.0.19": {
      "integrity": "52128c8d00a1f0b20019f8b72376e7ef5f3133375b6f805b5bc89b9de2ad4686",
      "dependencies": [
        "jsr:@std/encoding@^1.0.10"
      ]
    },
    "@std/internal@1.0.9": {
      "integrity": "bdfb97f83e4db7a13e8faab26fb1958d1b80cc64366501af78a0aee151696eb8"
    },
    "@std/media-types@1.1.0": {
      "integrity": "c9d093f0c05c3512932b330e3cc1fe1d627b301db33a4c2c2185c02471d6eaa4"
    },
    "@std/path@1.1.1": {
      "integrity": "fe00026bd3a7e6a27f73709b83c607798be40e20c81dde655ce34052fd82ec76",
      "dependencies": [
        "jsr:@std/internal"
      ]
    }
  },
  "npm": {
    "@types/node@22.15.15": {
      "integrity": "sha512-R5muMcZob3/Jjchn5LcO8jdKwSCbzqmPB6ruBxMcf9kbxtniZHP327s6C37iOfuw8mbKK3cAQa7sEl7afLrQ8A==",
      "dependencies": [
        "undici-types"
      ]
    },
    "@types/react@19.1.8": {
      "integrity": "sha512-AwAfQ2Wa5bCx9WP8nZL2uMZWod7J7/JSplxbTmBQ5ms6QpqNYm672H0Vu9ZVKVngQ+ii4R/byguVEUZQyeg44g==",
      "dependencies": [
        "csstype"
      ]
    },
    "autoprefixer@10.4.21_postcss@8.5.6": {
      "integrity": "sha512-O+A6LWV5LDHSJD3LjHYoNi4VLsj/Whi7k6zG12xTYaU4cQ8oxQGckXNX8cRHK5yOZ/ppVHe0ZBXGzSV9jXdVbQ==",
      "dependencies": [
        "browserslist",
        "caniuse-lite",
        "fraction.js",
        "normalize-range",
        "picocolors",
        "postcss",
        "postcss-value-parser"
      ],
      "bin": true
    },
    "browserslist@4.25.1": {
      "integrity": "sha512-KGj0KoOMXLpSNkkEI6Z6mShmQy0bc1I+T7K9N81k4WWMrfz+6fQ6es80B/YLAeRoKvjYE1YSHHOW1qe9xIVzHw==",
      "dependencies": [
        "caniuse-lite",
        "electron-to-chromium",
        "node-releases",
        "update-browserslist-db"
      ],
      "bin": true
    },
    "caniuse-lite@1.0.30001727": {
      "integrity": "sha512-pB68nIHmbN6L/4C6MH1DokyR3bYqFwjaSs/sWDHGj4CTcFtQUQMuJftVwWkXq7mNWOybD3KhUv3oWHoGxgP14Q=="
    },
    "csstype@3.1.3": {
      "integrity": "sha512-M1uQkMl8rQK/szD0LNhtqxIPLpimGm8sOBwU7lLnCpSbTyY3yeU1Vc7l4KT5zT4s/yOxHH5O7tIuuLOCnLADRw=="
    },
    "electron-to-chromium@1.5.182": {
      "integrity": "sha512-Lv65Btwv9W4J9pyODI6EWpdnhfvrve/us5h1WspW8B2Fb0366REPtY3hX7ounk1CkV/TBjWCEvCBBbYbmV0qCA=="
    },
    "escalade@3.2.0": {
      "integrity": "sha512-WUj2qlxaQtO4g6Pq5c29GTcWGDyd8itL8zTlipgECz3JesAiiOKotd8JU6otB3PACgG6xkJUyVhboMS+bje/jA=="
    },
    "fraction.js@4.3.7": {
      "integrity": "sha512-ZsDfxO51wGAXREY55a7la9LScWpwv9RxIrYABrlvOFBlH/ShPnrtsXeuUIfXKKOVicNxQ+o8JTbJvjS4M89yew=="
    },
    "lucide-react@0.525.0_react@19.1.0": {
      "integrity": "sha512-Tm1txJ2OkymCGkvwoHt33Y2JpN5xucVq1slHcgE6Lk0WjDfjgKWor5CdVER8U6DvcfMwh4M8XxmpTiyzfmfDYQ==",
      "dependencies": [
        "react"
      ]
    },
    "nanoid@3.3.11": {
      "integrity": "sha512-N8SpfPUnUp1bK+PMYW8qSWdl9U+wwNWI4QKxOYDy9JAro3WMX7p2OeVRF9v+347pnakNevPmiHhNmZ2HbFA76w==",
      "bin": true
    },
    "node-releases@2.0.19": {
      "integrity": "sha512-xxOWJsBKtzAq7DY0J+DTzuz58K8e7sJbdgwkbMWQe8UYB6ekmsQ45q0M/tJDsGaZmbC+l7n57UV8Hl5tHxO9uw=="
    },
    "normalize-range@0.1.2": {
      "integrity": "sha512-bdok/XvKII3nUpklnV6P2hxtMNrCboOjAcyBuQnWEhO665FwrSNRxU+AqpsyvO6LgGYPspN+lu5CLtw4jPRKNA=="
    },
    "path-to-regexp@6.3.0": {
      "integrity": "sha512-Yhpw4T9C6hPpgPeA28us07OJeqZ5EzQTkbfwuhsUg0c237RomFoETJgmp2sa3F/41gfLE6G5cqcYwznmeEeOlQ=="
    },
    "picocolors@1.1.1": {
      "integrity": "sha512-xceH2snhtb5M9liqDsmEw56le376mTZkEX/jEb/RxNFyegNul7eNslCXP9FDj/Lcu0X8KEyMceP2ntpaHrDEVA=="
    },
    "postcss-value-parser@4.2.0": {
      "integrity": "sha512-1NNCs6uurfkVbeXG4S8JFT9t19m45ICnif8zWLd5oPSZ50QnwMfK+H3jv408d4jw/7Bttv5axS5IiHoLaVNHeQ=="
    },
    "postcss@8.5.6": {
      "integrity": "sha512-3Ybi1tAuwAP9s0r1UQ2J4n5Y0G05bJkpUIO0/bI9MhwmD70S5aTWbXGBwxHrelT+XM1k6dM0pk+SwNkpTRN7Pg==",
      "dependencies": [
        "nanoid",
        "picocolors",
        "source-map-js"
      ]
    },
    "react-dom@19.1.0_react@19.1.0": {
      "integrity": "sha512-Xs1hdnE+DyKgeHJeJznQmYMIBG3TKIHJJT95Q58nHLSrElKlGQqDTR2HQ9fx5CN/Gk6Vh/kupBTDLU11/nDk/g==",
      "dependencies": [
        "react",
        "scheduler"
      ]
    },
    "react@19.1.0": {
      "integrity": "sha512-FS+XFBNvn3GTAWq26joslQgWNoFu08F4kl0J4CgdNKADkdSGXQyTCnKteIAJy96Br6YbpEU1LSzV5dYtjMkMDg=="
    },
    "scheduler@0.26.0": {
      "integrity": "sha512-NlHwttCI/l5gCPR3D1nNXtWABUmBwvZpEQiD4IXSbIDq8BzLIK/7Ir5gTFSGZDUu37K5cMNp0hFtzO38sC7gWA=="
    },
    "source-map-js@1.2.1": {
      "integrity": "sha512-UXWMKhLOwVKb728IUtQPXxfYU+usdybtUrK/8uGE8CQMvrhOpwvzDBwj0QhSL7MQc7vIsISBG8VQ8+IDQxpfQA=="
    },
    "tailwindcss@4.1.11": {
      "integrity": "sha512-2E9TBm6MDD/xKYe+dvJZAmg3yxIEDNRc0jwlNyDg/4Fil2QcSLjFKGVff0lAf1jjeaArlG/M75Ey/EYr/OJtBA=="
    },
    "undici-types@6.21.0": {
      "integrity": "sha512-iwDZqg0QAGrg9Rav5H4n0M64c3mkR59cJ6wQp+7C4nI0gsmExaedaYLNO44eT4AtBBwjbTiGPMlt2Md0T9H9JQ=="
    },
    "update-browserslist-db@1.1.3_browserslist@4.25.1": {
      "integrity": "sha512-UxhIZQ+QInVdunkDAaiazvvT/+fXL5Osr0JZlJulepYu6Jd7qJtDZjlur0emRlT71EN3ScPoE7gvsuIKKNavKw==",
      "dependencies": [
        "browserslist",
        "escalade",
        "picocolors"
      ],
      "bin": true
    }
  },
  "redirects": {
    "https://esm.sh/@types/react-dom@~19.0.4/client.d.ts": "https://esm.sh/@types/react-dom@19.0.6/client.d.ts",
    "https://esm.sh/@types/react-dom@~19.0.4/index.d.ts": "https://esm.sh/@types/react-dom@19.0.6/index.d.ts",
    "https://esm.sh/@types/react@~19.0.12/index.d.ts": "https://esm.sh/@types/react@19.0.14/index.d.ts",
    "https://esm.sh/@types/scheduler@~0.23.0/index.d.ts": "https://esm.sh/@types/scheduler@0.23.0/index.d.ts",
    "https://esm.sh/react-dom@19": "https://esm.sh/react-dom@19.1.0",
    "https://esm.sh/react-dom@19/client": "https://esm.sh/react-dom@19.1.0/client",
    "https://esm.sh/react@19": "https://esm.sh/react@19.1.0",
    "https://esm.sh/scheduler@^0.26.0?target=denonext": "https://esm.sh/scheduler@0.26.0?target=denonext"
  },
  "remote": {
    "https://esm.sh/react-dom@19.1.0": "0af10bc13bc7ef60cd74313dc427d357184e28c86cc878340add5cde7ba00120",
    "https://esm.sh/react-dom@19.1.0/client": "a84db2e3e86b71bf712d55f37603df8be4a624d7e93b63795524ec0554b1a6af",
    "https://esm.sh/react-dom@19.1.0/denonext/client.mjs": "9568d5484e41d9b0b8b717f4ddb990b74e8158ded3772ad51c737dc7899b42f8",
    "https://esm.sh/react-dom@19.1.0/denonext/react-dom.mjs": "34f13de407660b571cc98e6902abc6aded524314c56c77a1ee7527b4f501f727",
    "https://esm.sh/react@19.1.0": "8cb1e2ba1aeb012dc6807c8b3cf6ae90579b448317c9debc9d888dcabc246e66",
    "https://esm.sh/react@19.1.0/denonext/react.mjs": "b43f435068776ab7a40daea8854ab1f8eca6252e86a9ac8b716bb9110ffeb76e",
    "https://esm.sh/scheduler@0.26.0/denonext/scheduler.mjs": "b62267951094a7c42b7170c51e31f57198981b08ebfae60be0d076101a4c6f91",
    "https://esm.sh/scheduler@0.26.0?target=denonext": "102f3b685ea5271452bd93de89ab0d99668aecb08f7706e3b9c6629699dd92e0"
  },
  "workspace": {
    "dependencies": [
      "jsr:@oak/oak@^17.1.5",
      "npm:@types/react-dom@^19.1.6",
      "npm:@types/react@^19.1.8",
      "npm:autoprefixer@^10.4.21",
      "npm:lucide-react@0.525",
      "npm:postcss@^8.5.6",
      "npm:react-dom@^19.1.0",
      "npm:react@^19.1.0",
      "npm:tailwindcss@^4.1.11"
    ]
  }
}
